{
  "lockfileVersion": 1,
  "workspaces": {
    "": {
      "name": "espresso",
      "dependencies": {
        "@effect/platform": "^0.77.2",
        "@effect/platform-bun": "^0.57.2",
        "@effect/platform-node": "^0.73.2",
        "csv": "^6.3.11",
        "csv-parse": "^5.6.0",
        "effect": "^3.13.2",
      },
      "devDependencies": {
        "@types/bun": "latest",
      },
      "peerDependencies": {
        "typescript": "^5.0.0",
      },
    },
  },
  "packages": {
    "@effect/platform": ["@effect/platform@0.77.2", "", { "dependencies": { "find-my-way-ts": "^0.1.5", "multipasta": "^0.2.5" }, "peerDependencies": { "effect": "^3.13.2" } }, "sha512-stvroKHJVfjd3XhZJEPUAOgzqu9DH1vnGHIAjfs2ma6Z4qcjVpFXrxa0ZYmwRaWVIFsiADMenkN0I7XrRdAgLw=="],

    "@effect/platform-bun": ["@effect/platform-bun@0.57.2", "", { "dependencies": { "@effect/platform-node-shared": "^0.27.2", "multipasta": "^0.2.5" }, "peerDependencies": { "@effect/platform": "^0.77.2", "effect": "^3.13.2" } }, "sha512-yfM5tNRGwOdkfPNpobKrky+Mx3sMuONjIId3YD76A2KL7+fXHfS0hO/ypZ46h2c8dwiohIgKJDX2nq9vNklfVw=="],

    "@effect/platform-node": ["@effect/platform-node@0.73.2", "", { "dependencies": { "@effect/platform-node-shared": "^0.27.2", "mime": "^3.0.0", "undici": "^7.1.0", "ws": "^8.18.0" }, "peerDependencies": { "@effect/platform": "^0.77.2", "effect": "^3.13.2" } }, "sha512-lO9SlcN7/Fpzu5VE/EKMxkmXt0n0vQ+rCirfGL1cNFcax9klw0A6uAJj2UvDRnX+o5YRlWNAgg5AN5uiGDUy0g=="],

    "@effect/platform-node-shared": ["@effect/platform-node-shared@0.27.2", "", { "dependencies": { "@parcel/watcher": "^2.4.1", "multipasta": "^0.2.5" }, "peerDependencies": { "@effect/platform": "^0.77.2", "effect": "^3.13.2" } }, "sha512-U6eXYCOEFTrQSShnzftzLcG4ybauDMLL8uwU7kKS3s6Wzaz7ivALFSVyxgQnaxO3t2QQBePWdd9b3DVsLgiBFw=="],

    "@parcel/watcher": ["@parcel/watcher@2.5.1", "", { "dependencies": { "detect-libc": "^1.0.3", "is-glob": "^4.0.3", "micromatch": "^4.0.5", "node-addon-api": "^7.0.0" }, "optionalDependencies": { "@parcel/watcher-android-arm64": "2.5.1", "@parcel/watcher-darwin-arm64": "2.5.1", "@parcel/watcher-darwin-x64": "2.5.1", "@parcel/watcher-freebsd-x64": "2.5.1", "@parcel/watcher-linux-arm-glibc": "2.5.1", "@parcel/watcher-linux-arm-musl": "2.5.1", "@parcel/watcher-linux-arm64-glibc": "2.5.1", "@parcel/watcher-linux-arm64-musl": "2.5.1", "@parcel/watcher-linux-x64-glibc": "2.5.1", "@parcel/watcher-linux-x64-musl": "2.5.1", "@parcel/watcher-win32-arm64": "2.5.1", "@parcel/watcher-win32-ia32": "2.5.1", "@parcel/watcher-win32-x64": "2.5.1" } }, "sha512-dfUnCxiN9H4ap84DvD2ubjw+3vUNpstxa0TneY/Paat8a3R4uQZDLSvWjmznAY/DoahqTHl9V46HF/Zs3F29pg=="],

    "@parcel/watcher-android-arm64": ["@parcel/watcher-android-arm64@2.5.1", "", { "os": "android", "cpu": "arm64" }, "sha512-KF8+j9nNbUN8vzOFDpRMsaKBHZ/mcjEjMToVMJOhTozkDonQFFrRcfdLWn6yWKCmJKmdVxSgHiYvTCef4/qcBA=="],

    "@parcel/watcher-darwin-arm64": ["@parcel/watcher-darwin-arm64@2.5.1", "", { "os": "darwin", "cpu": "arm64" }, "sha512-eAzPv5osDmZyBhou8PoF4i6RQXAfeKL9tjb3QzYuccXFMQU0ruIc/POh30ePnaOyD1UXdlKguHBmsTs53tVoPw=="],

    "@parcel/watcher-darwin-x64": ["@parcel/watcher-darwin-x64@2.5.1", "", { "os": "darwin", "cpu": "x64" }, "sha512-1ZXDthrnNmwv10A0/3AJNZ9JGlzrF82i3gNQcWOzd7nJ8aj+ILyW1MTxVk35Db0u91oD5Nlk9MBiujMlwmeXZg=="],

    "@parcel/watcher-freebsd-x64": ["@parcel/watcher-freebsd-x64@2.5.1", "", { "os": "freebsd", "cpu": "x64" }, "sha512-SI4eljM7Flp9yPuKi8W0ird8TI/JK6CSxju3NojVI6BjHsTyK7zxA9urjVjEKJ5MBYC+bLmMcbAWlZ+rFkLpJQ=="],

    "@parcel/watcher-linux-arm-glibc": ["@parcel/watcher-linux-arm-glibc@2.5.1", "", { "os": "linux", "cpu": "arm" }, "sha512-RCdZlEyTs8geyBkkcnPWvtXLY44BCeZKmGYRtSgtwwnHR4dxfHRG3gR99XdMEdQ7KeiDdasJwwvNSF5jKtDwdA=="],

    "@parcel/watcher-linux-arm-musl": ["@parcel/watcher-linux-arm-musl@2.5.1", "", { "os": "linux", "cpu": "arm" }, "sha512-6E+m/Mm1t1yhB8X412stiKFG3XykmgdIOqhjWj+VL8oHkKABfu/gjFj8DvLrYVHSBNC+/u5PeNrujiSQ1zwd1Q=="],

    "@parcel/watcher-linux-arm64-glibc": ["@parcel/watcher-linux-arm64-glibc@2.5.1", "", { "os": "linux", "cpu": "arm64" }, "sha512-LrGp+f02yU3BN9A+DGuY3v3bmnFUggAITBGriZHUREfNEzZh/GO06FF5u2kx8x+GBEUYfyTGamol4j3m9ANe8w=="],

    "@parcel/watcher-linux-arm64-musl": ["@parcel/watcher-linux-arm64-musl@2.5.1", "", { "os": "linux", "cpu": "arm64" }, "sha512-cFOjABi92pMYRXS7AcQv9/M1YuKRw8SZniCDw0ssQb/noPkRzA+HBDkwmyOJYp5wXcsTrhxO0zq1U11cK9jsFg=="],

    "@parcel/watcher-linux-x64-glibc": ["@parcel/watcher-linux-x64-glibc@2.5.1", "", { "os": "linux", "cpu": "x64" }, "sha512-GcESn8NZySmfwlTsIur+49yDqSny2IhPeZfXunQi48DMugKeZ7uy1FX83pO0X22sHntJ4Ub+9k34XQCX+oHt2A=="],

    "@parcel/watcher-linux-x64-musl": ["@parcel/watcher-linux-x64-musl@2.5.1", "", { "os": "linux", "cpu": "x64" }, "sha512-n0E2EQbatQ3bXhcH2D1XIAANAcTZkQICBPVaxMeaCVBtOpBZpWJuf7LwyWPSBDITb7In8mqQgJ7gH8CILCURXg=="],

    "@parcel/watcher-win32-arm64": ["@parcel/watcher-win32-arm64@2.5.1", "", { "os": "win32", "cpu": "arm64" }, "sha512-RFzklRvmc3PkjKjry3hLF9wD7ppR4AKcWNzH7kXR7GUe0Igb3Nz8fyPwtZCSquGrhU5HhUNDr/mKBqj7tqA2Vw=="],

    "@parcel/watcher-win32-ia32": ["@parcel/watcher-win32-ia32@2.5.1", "", { "os": "win32", "cpu": "ia32" }, "sha512-c2KkcVN+NJmuA7CGlaGD1qJh1cLfDnQsHjE89E60vUEMlqduHGCdCLJCID5geFVM0dOtA3ZiIO8BoEQmzQVfpQ=="],

    "@parcel/watcher-win32-x64": ["@parcel/watcher-win32-x64@2.5.1", "", { "os": "win32", "cpu": "x64" }, "sha512-9lHBdJITeNR++EvSQVUcaZoWupyHfXe1jZvGZ06O/5MflPcuPLtEphScIBL+AiCWBO46tDSHzWyD0uDmmZqsgA=="],

    "@standard-schema/spec": ["@standard-schema/spec@1.0.0", "", {}, "sha512-m2bOd0f2RT9k8QJx1JN85cZYyH1RqFBdlwtkSlf4tBDYLCiiZnv1fIIwacK6cqwXavOydf0NPToMQgpKq+dVlA=="],

    "@types/bun": ["@types/bun@1.2.2", "", { "dependencies": { "bun-types": "1.2.2" } }, "sha512-tr74gdku+AEDN5ergNiBnplr7hpDp3V1h7fqI2GcR/rsUaM39jpSeKH0TFibRvU0KwniRx5POgaYnaXbk0hU+w=="],

    "@types/node": ["@types/node@22.13.4", "", { "dependencies": { "undici-types": "~6.20.0" } }, "sha512-ywP2X0DYtX3y08eFVx5fNIw7/uIv8hYUKgXoK8oayJlLnKcRfEYCxWMVE1XagUdVtCJlZT1AU4LXEABW+L1Peg=="],

    "@types/ws": ["@types/ws@8.5.14", "", { "dependencies": { "@types/node": "*" } }, "sha512-bd/YFLW+URhBzMXurx7lWByOu+xzU9+kb3RboOteXYDfW+tr+JZa99OyNmPINEGB/ahzKrEuc8rcv4gnpJmxTw=="],

    "braces": ["braces@3.0.3", "", { "dependencies": { "fill-range": "^7.1.1" } }, "sha512-yQbXgO/OSZVD2IsiLlro+7Hf6Q18EJrKSEsdoMzKePKXct3gvD8oLcOQdIzGupr5Fj+EDe8gO/lxc1BzfMpxvA=="],

    "bun-types": ["bun-types@1.2.2", "", { "dependencies": { "@types/node": "*", "@types/ws": "~8.5.10" } }, "sha512-RCbMH5elr9gjgDGDhkTTugA21XtJAy/9jkKe/G3WR2q17VPGhcquf9Sir6uay9iW+7P/BV0CAHA1XlHXMAVKHg=="],

    "csv": ["csv@6.3.11", "", { "dependencies": { "csv-generate": "^4.4.2", "csv-parse": "^5.6.0", "csv-stringify": "^6.5.2", "stream-transform": "^3.3.3" } }, "sha512-a8bhT76Q546jOElHcTrkzWY7Py925mfLO/jqquseH61ThOebYwOjLbWHBqdRB4K1VpU36sTyIei6Jwj7QdEZ7g=="],

    "csv-generate": ["csv-generate@4.4.2", "", {}, "sha512-W6nVsf+rz0J3yo9FOjeer7tmzBJKaTTxf7K0uw6GZgRocZYPVpuSWWa5/aoWWrjQZj4/oNIKTYapOM7hiNjVMA=="],

    "csv-parse": ["csv-parse@5.6.0", "", {}, "sha512-l3nz3euub2QMg5ouu5U09Ew9Wf6/wQ8I++ch1loQ0ljmzhmfZYrH9fflS22i/PQEvsPvxCwxgz5q7UB8K1JO4Q=="],

    "csv-stringify": ["csv-stringify@6.5.2", "", {}, "sha512-RFPahj0sXcmUyjrObAK+DOWtMvMIFV328n4qZJhgX3x2RqkQgOTU2mCUmiFR0CzM6AzChlRSUErjiJeEt8BaQA=="],

    "detect-libc": ["detect-libc@1.0.3", "", { "bin": { "detect-libc": "./bin/detect-libc.js" } }, "sha512-pGjwhsmsp4kL2RTz08wcOlGN83otlqHeD/Z5T8GXZB+/YcpQ/dgo+lbU8ZsGxV0HIvqqxo9l7mqYwyYMD9bKDg=="],

    "effect": ["effect@3.13.2", "", { "dependencies": { "@standard-schema/spec": "^1.0.0", "fast-check": "^3.23.1" } }, "sha512-/w+CPqHDJ33Wq7xC4YKAchrEEPtjvxh563xH9kDTZp99seNYBoBs87vl8DJwartEjj+KLQLP8PzoDne+XmGT2A=="],

    "fast-check": ["fast-check@3.23.2", "", { "dependencies": { "pure-rand": "^6.1.0" } }, "sha512-h5+1OzzfCC3Ef7VbtKdcv7zsstUQwUDlYpUTvjeUsJAssPgLn7QzbboPtL5ro04Mq0rPOsMzl7q5hIbRs2wD1A=="],

    "fill-range": ["fill-range@7.1.1", "", { "dependencies": { "to-regex-range": "^5.0.1" } }, "sha512-YsGpe3WHLK8ZYi4tWDg2Jy3ebRz2rXowDxnld4bkQB00cc/1Zw9AWnC0i9ztDJitivtQvaI9KaLyKrc+hBW0yg=="],

    "find-my-way-ts": ["find-my-way-ts@0.1.5", "", {}, "sha512-4GOTMrpGQVzsCH2ruUn2vmwzV/02zF4q+ybhCIrw/Rkt3L8KWcycdC6aJMctJzwN4fXD4SD5F/4B9Sksh5rE0A=="],

    "is-extglob": ["is-extglob@2.1.1", "", {}, "sha512-SbKbANkN603Vi4jEZv49LeVJMn4yGwsbzZworEoyEiutsN3nJYdbO36zfhGJ6QEDpOZIFkDtnq5JRxmvl3jsoQ=="],

    "is-glob": ["is-glob@4.0.3", "", { "dependencies": { "is-extglob": "^2.1.1" } }, "sha512-xelSayHH36ZgE7ZWhli7pW34hNbNl8Ojv5KVmkJD4hBdD3th8Tfk9vYasLM+mXWOZhFkgZfxhLSnrwRr4elSSg=="],

    "is-number": ["is-number@7.0.0", "", {}, "sha512-41Cifkg6e8TylSpdtTpeLVMqvSBEVzTttHvERD741+pnZ8ANv0004MRL43QKPDlK9cGvNp6NZWZUBlbGXYxxng=="],

    "micromatch": ["micromatch@4.0.8", "", { "dependencies": { "braces": "^3.0.3", "picomatch": "^2.3.1" } }, "sha512-PXwfBhYu0hBCPw8Dn0E+WDYb7af3dSLVWKi3HGv84IdF4TyFoC0ysxFd0Goxw7nSv4T/PzEJQxsYsEiFCKo2BA=="],

    "mime": ["mime@3.0.0", "", { "bin": { "mime": "cli.js" } }, "sha512-jSCU7/VB1loIWBZe14aEYHU/+1UMEHoaO7qxCOVJOw9GgH72VAWppxNcjU+x9a2k3GSIBXNKxXQFqRvvZ7vr3A=="],

    "multipasta": ["multipasta@0.2.5", "", {}, "sha512-c8eMDb1WwZcE02WVjHoOmUVk7fnKU/RmUcosHACglrWAuPQsEJv+E8430sXj6jNc1jHw0zrS16aCjQh4BcEb4A=="],

    "node-addon-api": ["node-addon-api@7.1.1", "", {}, "sha512-5m3bsyrjFWE1xf7nz7YXdN4udnVtXK6/Yfgn5qnahL6bCkf2yKt4k3nuTKAtT4r3IG8JNR2ncsIMdZuAzJjHQQ=="],

    "picomatch": ["picomatch@2.3.1", "", {}, "sha512-JU3teHTNjmE2VCGFzuY8EXzCDVwEqB2a8fsIvwaStHhAWJEeVd1o1QD80CU6+ZdEXXSLbSsuLwJjkCBWqRQUVA=="],

    "pure-rand": ["pure-rand@6.1.0", "", {}, "sha512-bVWawvoZoBYpp6yIoQtQXHZjmz35RSVHnUOTefl8Vcjr8snTPY1wnpSPMWekcFwbxI6gtmT7rSYPFvz71ldiOA=="],

    "stream-transform": ["stream-transform@3.3.3", "", {}, "sha512-dALXrXe+uq4aO5oStdHKlfCM/b3NBdouigvxVPxCdrMRAU6oHh3KNss20VbTPQNQmjAHzZGKGe66vgwegFEIog=="],

    "to-regex-range": ["to-regex-range@5.0.1", "", { "dependencies": { "is-number": "^7.0.0" } }, "sha512-65P7iz6X5yEr1cwcgvQxbbIw7Uk3gOy5dIdtZ4rDveLqhrdJP+Li/Hx6tyK0NEb+2GCyneCMJiGqrADCSNk8sQ=="],

    "typescript": ["typescript@5.7.3", "", { "bin": { "tsc": "bin/tsc", "tsserver": "bin/tsserver" } }, "sha512-84MVSjMEHP+FQRPy3pX9sTVV/INIex71s9TL2Gm5FG/WG1SqXeKyZ0k7/blY/4FdOzI12CBy1vGc4og/eus0fw=="],

    "undici": ["undici@7.3.0", "", {}, "sha512-Qy96NND4Dou5jKoSJ2gm8ax8AJM/Ey9o9mz7KN1bb9GP+G0l20Zw8afxTnY2f4b7hmhn/z8aC2kfArVQlAhFBw=="],

    "undici-types": ["undici-types@6.20.0", "", {}, "sha512-Ny6QZ2Nju20vw1SRHe3d9jVu6gJ+4e3+MMpqu7pqE5HT6WsTSlce++GQmK5UXS8mzV8DSYHrQH+Xrf2jVcuKNg=="],

    "ws": ["ws@8.18.0", "", { "peerDependencies": { "bufferutil": "^4.0.1", "utf-8-validate": ">=5.0.2" }, "optionalPeers": ["bufferutil", "utf-8-validate"] }, "sha512-8VbfWfHLbbwu3+N6OKsOMpBdT4kXPDDB9cJk2bJ6mh9ucxdlnNvH1e+roYkKmN9Nxw2yjz7VzeO9oOz2zJ04Pw=="],
  }
}
